
Microsoft Visual Studio Solution File, Format Version 12.00
# Visual Studio Version 17
VisualStudioVersion = 17.5.002.0
MinimumVisualStudioVersion = 10.0.40219.1
Project("{2150E333-8FDC-42A3-9474-1A3956D46DE8}") = "csharp-prep", "csharp-prep", "{3E3CA407-58F7-497C-8866-E293D9F29A54}"
EndProject
Project("{9A19103F-16F7-4668-BE54-9A1E7A4F7556}") = "Prep1", "csharp-prep\Prep1\Prep1.csproj", "{4FB2DE12-4012-46E8-917D-DA35C188BAAD}"
EndProject
Project("{9A19103F-16F7-4668-BE54-9A1E7A4F7556}") = "Prep2", "csharp-prep\Prep2\Prep2.csproj", "{B6215B30-2326-4A40-880E-B888E8217ECE}"
EndProject
Project("{9A19103F-16F7-4668-BE54-9A1E7A4F7556}") = "Prep3", "csharp-prep\Prep3\Prep3.csproj", "{0955F5E3-4119-4AFC-8A7E-82E48451E7B3}"
EndProject
Project("{9A19103F-16F7-4668-BE54-9A1E7A4F7556}") = "Prep4", "csharp-prep\Prep4\Prep4.csproj", "{FC90277D-3457-4E78-BC34-60A1E9CDC7CB}"
EndProject
Project("{9A19103F-16F7-4668-BE54-9A1E7A4F7556}") = "Prep5", "csharp-prep\Prep5\Prep5.csproj", "{E2BA88D3-1B53-40EF-A667-3C6EA0B1CC3A}"
EndProject
Project("{2150E333-8FDC-42A3-9474-1A3956D46DE8}") = "final", "final", "{070DD201-5AF2-4F8C-ACCB-D439ED24A134}"
EndProject
Project("{9A19103F-16F7-4668-BE54-9A1E7A4F7556}") = "FinalProject", "final\FinalProject\FinalProject.csproj", "{BED9C647-119B-44A2-9BDF-6B6B2EBE8BF6}"
EndProject
Project("{9A19103F-16F7-4668-BE54-9A1E7A4F7556}") = "Foundation1", "final\Foundation1\Foundation1.csproj", "{B6F19831-67A3-49E5-974F-D1D1F1CD7C06}"
EndProject
Project("{9A19103F-16F7-4668-BE54-9A1E7A4F7556}") = "Foundation2", "final\Foundation2\Foundation2.csproj", "{E8E46DAF-6ECC-4B50-BFBE-EE4B72DF16D9}"
EndProject
Project("{9A19103F-16F7-4668-BE54-9A1E7A4F7556}") = "Foundation3", "final\Foundation3\Foundation3.csproj", "{E65133BD-2263-4A56-9D1C-4817F09BEBC4}"
EndProject
Project("{9A19103F-16F7-4668-BE54-9A1E7A4F7556}") = "Foundation4", "final\Foundation4\Foundation4.csproj", "{BA547620-C079-40CA-9323-4F50CC1A9DF5}"
EndProject
Project("{2150E333-8FDC-42A3-9474-1A3956D46DE8}") = "prepare", "prepare", "{68853D4B-860F-463F-8E23-474A0FA75D14}"
EndProject
Project("{9A19103F-16F7-4668-BE54-9A1E7A4F7556}") = "Learning02", "prepare\Learning02\Learning02.csproj", "{D208F4ED-AF17-4E1F-8EA0-604792C04D57}"
EndProject
Project("{9A19103F-16F7-4668-BE54-9A1E7A4F7556}") = "Learning03", "prepare\Learning03\Learning03.csproj", "{AE7912A1-14F7-43EB-A825-DF66EC4187F7}"
EndProject
Project("{9A19103F-16F7-4668-BE54-9A1E7A4F7556}") = "Learning04", "prepare\Learning04\Learning04.csproj", "{85864D6A-B2C3-4C29-879C-D9B629A05ECB}"
EndProject
Project("{9A19103F-16F7-4668-BE54-9A1E7A4F7556}") = "Learning05", "prepare\Learning05\Learning05.csproj", "{EB0F9973-5DCE-4DD0-AF67-4402644934BF}"
EndProject
Project("{2150E333-8FDC-42A3-9474-1A3956D46DE8}") = "prove", "prove", "{08872902-0288-4662-9F2C-AF0F5DF119D2}"
EndProject
Project("{9A19103F-16F7-4668-BE54-9A1E7A4F7556}") = "Develop02", "prove\Develop02\Develop02.csproj", "{B7830AA5-F7ED-4485-9B22-E5B5B76308E6}"
EndProject
Project("{9A19103F-16F7-4668-BE54-9A1E7A4F7556}") = "Develop03", "prove\Develop03\Develop03.csproj", "{2C1EBC9C-DB6A-4607-90A1-8DD4159C81E5}"
EndProject
Project("{9A19103F-16F7-4668-BE54-9A1E7A4F7556}") = "Develop04", "prove\Develop04\Develop04.csproj", "{C6831805-F3CD-4152-911C-7B8B2FDD02C1}"
EndProject
Project("{9A19103F-16F7-4668-BE54-9A1E7A4F7556}") = "Develop05", "prove\Develop05\Develop05.csproj", "{41E092FE-605A-4D5C-9FCB-3275FCFCB120}"
EndProject
Project("{2150E333-8FDC-42A3-9474-1A3956D46DE8}") = "sandbox", "sandbox", "{49661A54-8F9F-4801-B699-12DD775A5B9A}"
EndProject
Project("{9A19103F-16F7-4668-BE54-9A1E7A4F7556}") = "Sandbox", "sandbox\Sandbox\Sandbox.csproj", "{A5E29C98-CFFF-459A-8B17-318930B8A69E}"
EndProject
Global
	GlobalSection(SolutionConfigurationPlatforms) = preSolution
		Debug|Any CPU = Debug|Any CPU
		Release|Any CPU = Release|Any CPU
	EndGlobalSection
	GlobalSection(ProjectConfigurationPlatforms) = postSolution
		{4FB2DE12-4012-46E8-917D-DA35C188BAAD}.Debug|Any CPU.ActiveCfg = Debug|Any CPU
		{4FB2DE12-4012-46E8-917D-DA35C188BAAD}.Debug|Any CPU.Build.0 = Debug|Any CPU
		{4FB2DE12-4012-46E8-917D-DA35C188BAAD}.Release|Any CPU.ActiveCfg = Release|Any CPU
		{4FB2DE12-4012-46E8-917D-DA35C188BAAD}.Release|Any CPU.Build.0 = Release|Any CPU
		{B6215B30-2326-4A40-880E-B888E8217ECE}.Debug|Any CPU.ActiveCfg = Debug|Any CPU
		{B6215B30-2326-4A40-880E-B888E8217ECE}.Debug|Any CPU.Build.0 = Debug|Any CPU
		{B6215B30-2326-4A40-880E-B888E8217ECE}.Release|Any CPU.ActiveCfg = Release|Any CPU
		{B6215B30-2326-4A40-880E-B888E8217ECE}.Release|Any CPU.Build.0 = Release|Any CPU
		{0955F5E3-4119-4AFC-8A7E-82E48451E7B3}.Debug|Any CPU.ActiveCfg = Debug|Any CPU
		{0955F5E3-4119-4AFC-8A7E-82E48451E7B3}.Debug|Any CPU.Build.0 = Debug|Any CPU
		{0955F5E3-4119-4AFC-8A7E-82E48451E7B3}.Release|Any CPU.ActiveCfg = Release|Any CPU
		{0955F5E3-4119-4AFC-8A7E-82E48451E7B3}.Release|Any CPU.Build.0 = Release|Any CPU
		{FC90277D-3457-4E78-BC34-60A1E9CDC7CB}.Debug|Any CPU.ActiveCfg = Debug|Any CPU
		{FC90277D-3457-4E78-BC34-60A1E9CDC7CB}.Debug|Any CPU.Build.0 = Debug|Any CPU
		{FC90277D-3457-4E78-BC34-60A1E9CDC7CB}.Release|Any CPU.ActiveCfg = Release|Any CPU
		{FC90277D-3457-4E78-BC34-60A1E9CDC7CB}.Release|Any CPU.Build.0 = Release|Any CPU
		{E2BA88D3-1B53-40EF-A667-3C6EA0B1CC3A}.Debug|Any CPU.ActiveCfg = Debug|Any CPU
		{E2BA88D3-1B53-40EF-A667-3C6EA0B1CC3A}.Debug|Any CPU.Build.0 = Debug|Any CPU
		{E2BA88D3-1B53-40EF-A667-3C6EA0B1CC3A}.Release|Any CPU.ActiveCfg = Release|Any CPU
		{E2BA88D3-1B53-40EF-A667-3C6EA0B1CC3A}.Release|Any CPU.Build.0 = Release|Any CPU
		{BED9C647-119B-44A2-9BDF-6B6B2EBE8BF6}.Debug|Any CPU.ActiveCfg = Debug|Any CPU
		{BED9C647-119B-44A2-9BDF-6B6B2EBE8BF6}.Debug|Any CPU.Build.0 = Debug|Any CPU
		{BED9C647-119B-44A2-9BDF-6B6B2EBE8BF6}.Release|Any CPU.ActiveCfg = Release|Any CPU
		{BED9C647-119B-44A2-9BDF-6B6B2EBE8BF6}.Release|Any CPU.Build.0 = Release|Any CPU
		{B6F19831-67A3-49E5-974F-D1D1F1CD7C06}.Debug|Any CPU.ActiveCfg = Debug|Any CPU
		{B6F19831-67A3-49E5-974F-D1D1F1CD7C06}.Debug|Any CPU.Build.0 = Debug|Any CPU
		{B6F19831-67A3-49E5-974F-D1D1F1CD7C06}.Release|Any CPU.ActiveCfg = Release|Any CPU
		{B6F19831-67A3-49E5-974F-D1D1F1CD7C06}.Release|Any CPU.Build.0 = Release|Any CPU
		{E8E46DAF-6ECC-4B50-BFBE-EE4B72DF16D9}.Debug|Any CPU.ActiveCfg = Debug|Any CPU
		{E8E46DAF-6ECC-4B50-BFBE-EE4B72DF16D9}.Debug|Any CPU.Build.0 = Debug|Any CPU
		{E8E46DAF-6ECC-4B50-BFBE-EE4B72DF16D9}.Release|Any CPU.ActiveCfg = Release|Any CPU
		{E8E46DAF-6ECC-4B50-BFBE-EE4B72DF16D9}.Release|Any CPU.Build.0 = Release|Any CPU
		{E65133BD-2263-4A56-9D1C-4817F09BEBC4}.Debug|Any CPU.ActiveCfg = Debug|Any CPU
		{E65133BD-2263-4A56-9D1C-4817F09BEBC4}.Debug|Any CPU.Build.0 = Debug|Any CPU
		{E65133BD-2263-4A56-9D1C-4817F09BEBC4}.Release|Any CPU.ActiveCfg = Release|Any CPU
		{E65133BD-2263-4A56-9D1C-4817F09BEBC4}.Release|Any CPU.Build.0 = Release|Any CPU
		{BA547620-C079-40CA-9323-4F50CC1A9DF5}.Debug|Any CPU.ActiveCfg = Debug|Any CPU
		{BA547620-C079-40CA-9323-4F50CC1A9DF5}.Debug|Any CPU.Build.0 = Debug|Any CPU
		{BA547620-C079-40CA-9323-4F50CC1A9DF5}.Release|Any CPU.ActiveCfg = Release|Any CPU
		{BA547620-C079-40CA-9323-4F50CC1A9DF5}.Release|Any CPU.Build.0 = Release|Any CPU
		{D208F4ED-AF17-4E1F-8EA0-604792C04D57}.Debug|Any CPU.ActiveCfg = Debug|Any CPU
		{D208F4ED-AF17-4E1F-8EA0-604792C04D57}.Debug|Any CPU.Build.0 = Debug|Any CPU
		{D208F4ED-AF17-4E1F-8EA0-604792C04D57}.Release|Any CPU.ActiveCfg = Release|Any CPU
		{D208F4ED-AF17-4E1F-8EA0-604792C04D57}.Release|Any CPU.Build.0 = Release|Any CPU
		{AE7912A1-14F7-43EB-A825-DF66EC4187F7}.Debug|Any CPU.ActiveCfg = Debug|Any CPU
		{AE7912A1-14F7-43EB-A825-DF66EC4187F7}.Debug|Any CPU.Build.0 = Debug|Any CPU
		{AE7912A1-14F7-43EB-A825-DF66EC4187F7}.Release|Any CPU.ActiveCfg = Release|Any CPU
		{AE7912A1-14F7-43EB-A825-DF66EC4187F7}.Release|Any CPU.Build.0 = Release|Any CPU
		{85864D6A-B2C3-4C29-879C-D9B629A05ECB}.Debug|Any CPU.ActiveCfg = Debug|Any CPU
		{85864D6A-B2C3-4C29-879C-D9B629A05ECB}.Debug|Any CPU.Build.0 = Debug|Any CPU
		{85864D6A-B2C3-4C29-879C-D9B629A05ECB}.Release|Any CPU.ActiveCfg = Release|Any CPU
		{85864D6A-B2C3-4C29-879C-D9B629A05ECB}.Release|Any CPU.Build.0 = Release|Any CPU
		{EB0F9973-5DCE-4DD0-AF67-4402644934BF}.Debug|Any CPU.ActiveCfg = Debug|Any CPU
		{EB0F9973-5DCE-4DD0-AF67-4402644934BF}.Debug|Any CPU.Build.0 = Debug|Any CPU
		{EB0F9973-5DCE-4DD0-AF67-4402644934BF}.Release|Any CPU.ActiveCfg = Release|Any CPU
		{EB0F9973-5DCE-4DD0-AF67-4402644934BF}.Release|Any CPU.Build.0 = Release|Any CPU
		{B7830AA5-F7ED-4485-9B22-E5B5B76308E6}.Debug|Any CPU.ActiveCfg = Debug|Any CPU
		{B7830AA5-F7ED-4485-9B22-E5B5B76308E6}.Debug|Any CPU.Build.0 = Debug|Any CPU
		{B7830AA5-F7ED-4485-9B22-E5B5B76308E6}.Release|Any CPU.ActiveCfg = Release|Any CPU
		{B7830AA5-F7ED-4485-9B22-E5B5B76308E6}.Release|Any CPU.Build.0 = Release|Any CPU
		{2C1EBC9C-DB6A-4607-90A1-8DD4159C81E5}.Debug|Any CPU.ActiveCfg = Debug|Any CPU
		{2C1EBC9C-DB6A-4607-90A1-8DD4159C81E5}.Debug|Any CPU.Build.0 = Debug|Any CPU
		{2C1EBC9C-DB6A-4607-90A1-8DD4159C81E5}.Release|Any CPU.ActiveCfg = Release|Any CPU
		{2C1EBC9C-DB6A-4607-90A1-8DD4159C81E5}.Release|Any CPU.Build.0 = Release|Any CPU
		{C6831805-F3CD-4152-911C-7B8B2FDD02C1}.Debug|Any CPU.ActiveCfg = Debug|Any CPU
		{C6831805-F3CD-4152-911C-7B8B2FDD02C1}.Debug|Any CPU.Build.0 = Debug|Any CPU
		{C6831805-F3CD-4152-911C-7B8B2FDD02C1}.Release|Any CPU.ActiveCfg = Release|Any CPU
		{C6831805-F3CD-4152-911C-7B8B2FDD02C1}.Release|Any CPU.Build.0 = Release|Any CPU
		{41E092FE-605A-4D5C-9FCB-3275FCFCB120}.Debug|Any CPU.ActiveCfg = Debug|Any CPU
		{41E092FE-605A-4D5C-9FCB-3275FCFCB120}.Debug|Any CPU.Build.0 = Debug|Any CPU
		{41E092FE-605A-4D5C-9FCB-3275FCFCB120}.Release|Any CPU.ActiveCfg = Release|Any CPU
		{41E092FE-605A-4D5C-9FCB-3275FCFCB120}.Release|Any CPU.Build.0 = Release|Any CPU
		{A5E29C98-CFFF-459A-8B17-318930B8A69E}.Debug|Any CPU.ActiveCfg = Debug|Any CPU
		{A5E29C98-CFFF-459A-8B17-318930B8A69E}.Debug|Any CPU.Build.0 = Debug|Any CPU
		{A5E29C98-CFFF-459A-8B17-318930B8A69E}.Release|Any CPU.ActiveCfg = Release|Any CPU
		{A5E29C98-CFFF-459A-8B17-318930B8A69E}.Release|Any CPU.Build.0 = Release|Any CPU
	EndGlobalSection
	GlobalSection(SolutionProperties) = preSolution
		HideSolutionNode = FALSE
	EndGlobalSection
	GlobalSection(NestedProjects) = preSolution
		{4FB2DE12-4012-46E8-917D-DA35C188BAAD} = {3E3CA407-58F7-497C-8866-E293D9F29A54}
		{B6215B30-2326-4A40-880E-B888E8217ECE} = {3E3CA407-58F7-497C-8866-E293D9F29A54}
		{0955F5E3-4119-4AFC-8A7E-82E48451E7B3} = {3E3CA407-58F7-497C-8866-E293D9F29A54}
		{FC90277D-3457-4E78-BC34-60A1E9CDC7CB} = {3E3CA407-58F7-497C-8866-E293D9F29A54}
		{E2BA88D3-1B53-40EF-A667-3C6EA0B1CC3A} = {3E3CA407-58F7-497C-8866-E293D9F29A54}
		{BED9C647-119B-44A2-9BDF-6B6B2EBE8BF6} = {070DD201-5AF2-4F8C-ACCB-D439ED24A134}
		{B6F19831-67A3-49E5-974F-D1D1F1CD7C06} = {070DD201-5AF2-4F8C-ACCB-D439ED24A134}
		{E8E46DAF-6ECC-4B50-BFBE-EE4B72DF16D9} = {070DD201-5AF2-4F8C-ACCB-D439ED24A134}
		{E65133BD-2263-4A56-9D1C-4817F09BEBC4} = {070DD201-5AF2-4F8C-ACCB-D439ED24A134}
		{BA547620-C079-40CA-9323-4F50CC1A9DF5} = {070DD201-5AF2-4F8C-ACCB-D439ED24A134}
		{D208F4ED-AF17-4E1F-8EA0-604792C04D57} = {68853D4B-860F-463F-8E23-474A0FA75D14}
		{AE7912A1-14F7-43EB-A825-DF66EC4187F7} = {68853D4B-860F-463F-8E23-474A0FA75D14}
		{85864D6A-B2C3-4C29-879C-D9B629A05ECB} = {68853D4B-860F-463F-8E23-474A0FA75D14}
		{EB0F9973-5DCE-4DD0-AF67-4402644934BF} = {68853D4B-860F-463F-8E23-474A0FA75D14}
		{B7830AA5-F7ED-4485-9B22-E5B5B76308E6} = {08872902-0288-4662-9F2C-AF0F5DF119D2}
		{2C1EBC9C-DB6A-4607-90A1-8DD4159C81E5} = {08872902-0288-4662-9F2C-AF0F5DF119D2}
		{C6831805-F3CD-4152-911C-7B8B2FDD02C1} = {08872902-0288-4662-9F2C-AF0F5DF119D2}
		{41E092FE-605A-4D5C-9FCB-3275FCFCB120} = {08872902-0288-4662-9F2C-AF0F5DF119D2}
		{A5E29C98-CFFF-459A-8B17-318930B8A69E} = {49661A54-8F9F-4801-B699-12DD775A5B9A}
	EndGlobalSection
	GlobalSection(ExtensibilityGlobals) = postSolution
		SolutionGuid = {7CDF7233-22C8-4E98-A7B7-7ED34FAC26C2}
	EndGlobalSection
EndGlobal
